# This file is automatically @generated by Poetry 1.5.1 and should not be changed by hand.

[[package]]
name = "annotated-types"
version = "0.6.0"
description = "Reusable constraint types to use with typing.Annotated"
optional = false
python-versions = ">=3.8"
files = [
    {file = "annotated_types-0.6.0-py3-none-any.whl", hash = "sha256:0641064de18ba7a25dee8f96403ebc39113d0cb953a01429249d5c7564666a43"},
    {file = "annotated_types-0.6.0.tar.gz", hash = "sha256:563339e807e53ffd9c267e99fc6d9ea23eb8443c08f112651963e24e22f84a5d"},
]

[[package]]
name = "pydantic"
version = "2.4.2"
description = "Data validation using Python type hints"
optional = false
python-versions = ">=3.7"
files = []
develop = false

[package.dependencies]
annotated-types = ">=0.4.0"
pydantic-core = "2.11.0"
typing-extensions = ">=4.6.1"

[package.extras]
email = ["email-validator (>=2.0.0)"]

[package.source]
type = "git"
url = "https://github.com/joakimnordling/pydantic.git"
reference = "test-possible-fix"
resolved_reference = "c73dbd3e7acb37071e61978fbf0fc65f463ecf62"

[[package]]
name = "pydantic-core"
version = "2.11.0"
description = ""
optional = false
python-versions = ">=3.7"
files = [
    {file = "pydantic_core-2.11.0-cp310-cp310-macosx_10_7_x86_64.whl", hash = "sha256:2cfd3e74e78a86b980ae27ee5c49bc68f27b5fa0e450ebfa425b421be1154ef0"},
    {file = "pydantic_core-2.11.0-cp310-cp310-macosx_11_0_arm64.whl", hash = "sha256:0398d72c854419fc9ddf0b3b4e6f6125a561bb9c089eea9edb35f9f04e27521d"},
    {file = "pydantic_core-2.11.0-cp310-cp310-manylinux_2_17_aarch64.manylinux2014_aarch64.whl", hash = "sha256:522fab907828e0fa69c4c9220b1777cfb6af981cb826f5af842348c878085dba"},
    {file = "pydantic_core-2.11.0-cp310-cp310-manylinux_2_17_armv7l.manylinux2014_armv7l.whl", hash = "sha256:80ddf4439b14a34558bc7d8e11db2d47e5d836250c8110558600f96c5fbbfdb8"},
    {file = "pydantic_core-2.11.0-cp310-cp310-manylinux_2_17_ppc64le.manylinux2014_ppc64le.whl", hash = "sha256:147f938e71a20aad3b76dc34506731f62189ff2625a7b01225d0344b0f2d0d71"},
    {file = "pydantic_core-2.11.0-cp310-cp310-manylinux_2_17_s390x.manylinux2014_s390x.whl", hash = "sha256:d0af8dff6f0eebc16633c7bcf861bef3a2ff5f4cb8bb5a9568a84aa0554ab403"},
    {file = "pydantic_core-2.11.0-cp310-cp310-manylinux_2_17_x86_64.manylinux2014_x86_64.whl", hash = "sha256:a0873987bbf69b7affa61606f88312ad7fd5fd3b7dc897240070ad70b6f054c7"},
    {file = "pydantic_core-2.11.0-cp310-cp310-manylinux_2_5_i686.manylinux1_i686.whl", hash = "sha256:8e2d0d979d3e56d7b5dfc922bccfc2d69c9c16d0e2f79267b9c12c23a2ddeacf"},
    {file = "pydantic_core-2.11.0-cp310-cp310-musllinux_1_1_aarch64.whl", hash = "sha256:2315ff647407797381c1814f000b42b5511b22b0b4ce53fc4dafcc658b25407f"},
    {file = "pydantic_core-2.11.0-cp310-cp310-musllinux_1_1_x86_64.whl", hash = "sha256:8d840ca8cee581afa2737729b9a87b0f046dee8844d116ce90b74d68ca4c7937"},
    {file = "pydantic_core-2.11.0-cp310-none-win32.whl", hash = "sha256:a9977aa7f65659d8a8b8f8684f76eae5c06a7afa0628d52117d62a1bac395a9f"},
    {file = "pydantic_core-2.11.0-cp310-none-win_amd64.whl", hash = "sha256:3452ffe79c1ffa50caeba2dbfdd25417b121829571c45b1b45fb879880454324"},
    {file = "pydantic_core-2.11.0-cp311-cp311-macosx_10_7_x86_64.whl", hash = "sha256:88274ed3d4e2af282d0fa8041a812fe6c878d4f4732ee753c330a82e2f263a73"},
    {file = "pydantic_core-2.11.0-cp311-cp311-macosx_11_0_arm64.whl", hash = "sha256:f94d687f8d1d9bd92a2d5ae9be1f88d58e6d78e8f69beb8c1d7cb87ad2bec033"},
    {file = "pydantic_core-2.11.0-cp311-cp311-manylinux_2_17_aarch64.manylinux2014_aarch64.whl", hash = "sha256:da38dc3304cdf505e0481fb1b7dc17938d263461d994d0ed84da37577e76e87f"},
    {file = "pydantic_core-2.11.0-cp311-cp311-manylinux_2_17_armv7l.manylinux2014_armv7l.whl", hash = "sha256:8fa120ad65b9412ef3d6ca138e0fe08547aba340c29369ea0e1c1d503cf7c762"},
    {file = "pydantic_core-2.11.0-cp311-cp311-manylinux_2_17_ppc64le.manylinux2014_ppc64le.whl", hash = "sha256:f08cade629c1e35e74f85fd86ddf20b1fa7987cc24ac8f8e0d7a54a81a17fd44"},
    {file = "pydantic_core-2.11.0-cp311-cp311-manylinux_2_17_s390x.manylinux2014_s390x.whl", hash = "sha256:65eef535fb0cf121255977a6b0926ac87e655e1678e4c889fd7ab68e0f5f4ca9"},
    {file = "pydantic_core-2.11.0-cp311-cp311-manylinux_2_17_x86_64.manylinux2014_x86_64.whl", hash = "sha256:0d67451423c18188184c6d0706938ecac31001606933fc958a32dcae557d2cd9"},
    {file = "pydantic_core-2.11.0-cp311-cp311-manylinux_2_5_i686.manylinux1_i686.whl", hash = "sha256:0f532a8a9d69353e341b85a392cfe8955a7b462e83d60d825a9577224692b91b"},
    {file = "pydantic_core-2.11.0-cp311-cp311-musllinux_1_1_aarch64.whl", hash = "sha256:219f0dbe08d2bf771b5c22cbfa5a579aee070deb18148dc6fd6c6f778338be85"},
    {file = "pydantic_core-2.11.0-cp311-cp311-musllinux_1_1_x86_64.whl", hash = "sha256:8bea50ba5120176834c0dcba0ab639b8cacc88e4c3ebaf4405cc5b1f9da72205"},
    {file = "pydantic_core-2.11.0-cp311-none-win32.whl", hash = "sha256:84bb5434a39de59f2ee3798d6c4e707e861cebc1949b4dda49d2718d711c437d"},
    {file = "pydantic_core-2.11.0-cp311-none-win_amd64.whl", hash = "sha256:41808f2f9733b91aa8f702e75c6377de1b19fd59c1dff1bc9c966a2880b250bd"},
    {file = "pydantic_core-2.11.0-cp311-none-win_arm64.whl", hash = "sha256:97b4da34e696b7d18d97bc6452f939245149c1e004a50b00e2008df355be1082"},
    {file = "pydantic_core-2.11.0-cp312-cp312-macosx_10_7_x86_64.whl", hash = "sha256:bf505f536ca0b0ba267137918266a2342d38ac975ef18e0a0c60818c1bce23b3"},
    {file = "pydantic_core-2.11.0-cp312-cp312-macosx_11_0_arm64.whl", hash = "sha256:c49606d44c3ee194950a111b60c505818a51d549d18a02a78658b4029023598b"},
    {file = "pydantic_core-2.11.0-cp312-cp312-manylinux_2_17_aarch64.manylinux2014_aarch64.whl", hash = "sha256:be68a717575432b34da9c3f010759cd414b417aec200cc1f552e86cc4224fa06"},
    {file = "pydantic_core-2.11.0-cp312-cp312-manylinux_2_17_armv7l.manylinux2014_armv7l.whl", hash = "sha256:e45dd2a28cbdca2b0379ee0a3638fd92b55301f74a1f970e3643d300430bc03a"},
    {file = "pydantic_core-2.11.0-cp312-cp312-manylinux_2_17_ppc64le.manylinux2014_ppc64le.whl", hash = "sha256:102e34e8e52b17b3a3a649f86ff69d3c980519b7f8ed8027991c712574736db5"},
    {file = "pydantic_core-2.11.0-cp312-cp312-manylinux_2_17_s390x.manylinux2014_s390x.whl", hash = "sha256:9346cb27e4a64941b2e25bd56791aaf6b55ce6f16ee556027bc760c04d8639f1"},
    {file = "pydantic_core-2.11.0-cp312-cp312-manylinux_2_17_x86_64.manylinux2014_x86_64.whl", hash = "sha256:d5c50d144d2f4656071b08bd4f205d550c0abb211e87e203c63a1a145008db4a"},
    {file = "pydantic_core-2.11.0-cp312-cp312-manylinux_2_5_i686.manylinux1_i686.whl", hash = "sha256:7073d36978f47e6a1227a6c828336bdc1a11e65d37ccbc6f0d8006faf29354e0"},
    {file = "pydantic_core-2.11.0-cp312-cp312-musllinux_1_1_aarch64.whl", hash = "sha256:9794d0a371d030674d02ecd5a3706c749ed97da0c56a6203063934bb49e9b8ed"},
    {file = "pydantic_core-2.11.0-cp312-cp312-musllinux_1_1_x86_64.whl", hash = "sha256:6268c40a82feb03d2b04449a87c90eda591b0399c66d4856cf6762646e860c09"},
    {file = "pydantic_core-2.11.0-cp312-none-win32.whl", hash = "sha256:81826fe487f37db22adfff03b02697430481fa7ad697f4a9c84d66f6439495da"},
    {file = "pydantic_core-2.11.0-cp312-none-win_amd64.whl", hash = "sha256:59a313daefb9fb68bd71e036fb99cfb22a973f0d96480b7d1cd9e3230956e785"},
    {file = "pydantic_core-2.11.0-cp312-none-win_arm64.whl", hash = "sha256:c1634371dd13c952a7603fa590b450706594753ebd7eba7d874f0d02343591f5"},
    {file = "pydantic_core-2.11.0-cp37-cp37m-macosx_10_7_x86_64.whl", hash = "sha256:11cadb4ea4a0226b44b07e790879c1d982fccfdbaa92ead29f06668285e7bb26"},
    {file = "pydantic_core-2.11.0-cp37-cp37m-macosx_11_0_arm64.whl", hash = "sha256:aeb6f442ca285dfd545307bbf68b44c4c1833fa800b6152806fade2287640609"},
    {file = "pydantic_core-2.11.0-cp37-cp37m-manylinux_2_17_aarch64.manylinux2014_aarch64.whl", hash = "sha256:a6e671281b58909ad3ebb1dd8cd02c483c5d25d8078186c79ceab70a0f5770c2"},
    {file = "pydantic_core-2.11.0-cp37-cp37m-manylinux_2_17_armv7l.manylinux2014_armv7l.whl", hash = "sha256:6c75dd9e5fa9825b2f4a99afbf0df7edb5fce37b4fd6458df826bc798929f430"},
    {file = "pydantic_core-2.11.0-cp37-cp37m-manylinux_2_17_ppc64le.manylinux2014_ppc64le.whl", hash = "sha256:0081793c658d67cb5391c0d178f81cc7280faf5b3b032fcacd55e460cd802b6e"},
    {file = "pydantic_core-2.11.0-cp37-cp37m-manylinux_2_17_s390x.manylinux2014_s390x.whl", hash = "sha256:fbec3126a0df991c2521aa4c6cd33679b057b590a81fc79ece39a8afc2c21528"},
    {file = "pydantic_core-2.11.0-cp37-cp37m-manylinux_2_17_x86_64.manylinux2014_x86_64.whl", hash = "sha256:ea3de55e337746d52c737fb2583fee25a42e6ed508e0ed8de57eb884bfb1ea6e"},
    {file = "pydantic_core-2.11.0-cp37-cp37m-manylinux_2_5_i686.manylinux1_i686.whl", hash = "sha256:b2b59792deeda9210dffec62bc5a1a20ee8b03068c14f20de6cea34805bf9ab7"},
    {file = "pydantic_core-2.11.0-cp37-cp37m-musllinux_1_1_aarch64.whl", hash = "sha256:802eeb9cdba035a59c6fc2b81da3d62b685207d5683fc2d51f4921919a57e542"},
    {file = "pydantic_core-2.11.0-cp37-cp37m-musllinux_1_1_x86_64.whl", hash = "sha256:ef623958bb655d0c67a41ebc3fe1c0e37a309fdbb860ea2175721dba5b53be1d"},
    {file = "pydantic_core-2.11.0-cp37-none-win32.whl", hash = "sha256:5c1af2ab1c167f860e8e1645bcb632457d8813627b06739c389a8102c822bd0f"},
    {file = "pydantic_core-2.11.0-cp37-none-win_amd64.whl", hash = "sha256:16b205271a7cc6e5f5ed94999f4db8a0b95f0d32e27117f77a8a47d92ca9b4ed"},
    {file = "pydantic_core-2.11.0-cp38-cp38-macosx_10_7_x86_64.whl", hash = "sha256:edab4245443b9dd1c3366e550334fb3660f328acbace8682fd058753128b3ae6"},
    {file = "pydantic_core-2.11.0-cp38-cp38-macosx_11_0_arm64.whl", hash = "sha256:dd73b0338c0834f6a71b278db5c56adb70fb0190e81cf71d332f07e57bc43f44"},
    {file = "pydantic_core-2.11.0-cp38-cp38-manylinux_2_17_aarch64.manylinux2014_aarch64.whl", hash = "sha256:86c3c52d292ee27042edb4f126afe81d58db26824e114c864d4d6e1462e276d5"},
    {file = "pydantic_core-2.11.0-cp38-cp38-manylinux_2_17_armv7l.manylinux2014_armv7l.whl", hash = "sha256:5a432848f0df0baddaeaf1f32aa9de7b8206220f7e22e2167adeeb7b1438af55"},
    {file = "pydantic_core-2.11.0-cp38-cp38-manylinux_2_17_ppc64le.manylinux2014_ppc64le.whl", hash = "sha256:f4ecf0516db101c337590b7a2bc1949c29921686971769d0d9cce456df15ed6d"},
    {file = "pydantic_core-2.11.0-cp38-cp38-manylinux_2_17_s390x.manylinux2014_s390x.whl", hash = "sha256:aa82d4ab37f7a0de1606e08bd442fed9a3381d9de39903ed0140ec70afaddfc7"},
    {file = "pydantic_core-2.11.0-cp38-cp38-manylinux_2_17_x86_64.manylinux2014_x86_64.whl", hash = "sha256:77962a3df32685b71e0e7b1088b55d8e2ba8daaf4e78d32f703c2af7162eb125"},
    {file = "pydantic_core-2.11.0-cp38-cp38-manylinux_2_5_i686.manylinux1_i686.whl", hash = "sha256:4bbc39c3fb19c2c8b0520f361ffd7081d41625e0b36baf4bb892bce3e7b4a96f"},
    {file = "pydantic_core-2.11.0-cp38-cp38-musllinux_1_1_aarch64.whl", hash = "sha256:f5c51eea3205286b5479aa00260fb83e05027325bac4dc09bbd6bc8d6b3101a2"},
    {file = "pydantic_core-2.11.0-cp38-cp38-musllinux_1_1_x86_64.whl", hash = "sha256:481121e006f15853e87b541138f93ea2b664c964691cd7d7b24eebe632408bf2"},
    {file = "pydantic_core-2.11.0-cp38-none-win32.whl", hash = "sha256:285d92da33180e081f2e48f653ee809c982ce044030c3d51b7115f9297cb2513"},
    {file = "pydantic_core-2.11.0-cp38-none-win_amd64.whl", hash = "sha256:79b5b4cfd33b7d3568babf494ea26b9e8a95c7b6317e12c251e1142e8a8e3aa6"},
    {file = "pydantic_core-2.11.0-cp39-cp39-macosx_10_7_x86_64.whl", hash = "sha256:73cd720755339b8a6599d28c9782436f01980a530052e3d41b32888dc3c7c8ba"},
    {file = "pydantic_core-2.11.0-cp39-cp39-macosx_11_0_arm64.whl", hash = "sha256:e5bb9e807874ec659f5e3714c69c8d6d962b4b81aea23206b4f3808ccbcebcad"},
    {file = "pydantic_core-2.11.0-cp39-cp39-manylinux_2_17_aarch64.manylinux2014_aarch64.whl", hash = "sha256:df27744b44379e2d7ff93b9d8b4fe3e800177acfad4d6799046b56e8991e6151"},
    {file = "pydantic_core-2.11.0-cp39-cp39-manylinux_2_17_armv7l.manylinux2014_armv7l.whl", hash = "sha256:5df2fddc5a8d37961319442c74984654a3e4ff7bf6467fb1bb7d7d58a5c024ff"},
    {file = "pydantic_core-2.11.0-cp39-cp39-manylinux_2_17_ppc64le.manylinux2014_ppc64le.whl", hash = "sha256:a5ffae4662139229734225dd88294cb19e317e62a7545962ae318824644f2fa3"},
    {file = "pydantic_core-2.11.0-cp39-cp39-manylinux_2_17_s390x.manylinux2014_s390x.whl", hash = "sha256:342e192671bf2fe0c770985520634e887c1c5ae8ed792f1888087b2548d5a4ce"},
    {file = "pydantic_core-2.11.0-cp39-cp39-manylinux_2_17_x86_64.manylinux2014_x86_64.whl", hash = "sha256:e546ee4f149b12374d04cbf7d5f28aa1988c1984cbdef0abeed407956ab0d49d"},
    {file = "pydantic_core-2.11.0-cp39-cp39-manylinux_2_5_i686.manylinux1_i686.whl", hash = "sha256:16cdfd5c31def4a3f083a26a43267662bd49d47d8a20d25d0fabac93808df078"},
    {file = "pydantic_core-2.11.0-cp39-cp39-musllinux_1_1_aarch64.whl", hash = "sha256:676086c59fce667bd417ee29f7bb6eba46dbcab1f7007feb5fa7cbe215056d80"},
    {file = "pydantic_core-2.11.0-cp39-cp39-musllinux_1_1_x86_64.whl", hash = "sha256:f1be882ff53cd627540e265af11e113e62c2ef2549dc7d242f8dc3747d555b78"},
    {file = "pydantic_core-2.11.0-cp39-none-win32.whl", hash = "sha256:1a8585d19009f1fb9d6c648e3d4ff411741d9c56da1112bd0f9e9d674daa7426"},
    {file = "pydantic_core-2.11.0-cp39-none-win_amd64.whl", hash = "sha256:322734f599b5bbb0cae22a7e79f2ccf3f0bc0b4e1069fb2d59654f79ab875d7a"},
    {file = "pydantic_core-2.11.0-pp310-pypy310_pp73-macosx_10_7_x86_64.whl", hash = "sha256:72bb797fdca5db4c8768247c7cb871a3556096e7146282c05fa70180df3af772"},
    {file = "pydantic_core-2.11.0-pp310-pypy310_pp73-macosx_11_0_arm64.whl", hash = "sha256:26efd6c86d467dff1981aa5e28bbe4cca9e26ef6e5349f0ef3a8834d597d9b44"},
    {file = "pydantic_core-2.11.0-pp310-pypy310_pp73-manylinux_2_17_aarch64.manylinux2014_aarch64.whl", hash = "sha256:fa7c30efec10ac12383bd9f39d4ffe8d09f394a97ea6418b079a364f48312771"},
    {file = "pydantic_core-2.11.0-pp310-pypy310_pp73-manylinux_2_17_x86_64.manylinux2014_x86_64.whl", hash = "sha256:ef5e0fb01d8f28060a0bd5f42b4335362a5bbd9198f5c1e48449b96d29e1c7b7"},
    {file = "pydantic_core-2.11.0-pp310-pypy310_pp73-manylinux_2_5_i686.manylinux1_i686.whl", hash = "sha256:100195553b264c16a724fec008924edc14881000eb6626e17322433447938162"},
    {file = "pydantic_core-2.11.0-pp310-pypy310_pp73-musllinux_1_1_aarch64.whl", hash = "sha256:64d1c728ee879b3cd8ac3d9efde1655d063dc7f7ed5fecf7b8f40d35806e12fe"},
    {file = "pydantic_core-2.11.0-pp310-pypy310_pp73-musllinux_1_1_x86_64.whl", hash = "sha256:71136c78efea61dce144a4daf7cb49e1f764e8ecfba5b9e1964929130372a9bf"},
    {file = "pydantic_core-2.11.0-pp310-pypy310_pp73-win_amd64.whl", hash = "sha256:83f0973feb8ef8c51b1739157ff0c77ae1f8f6ac90238fdd0046d002b63ba426"},
    {file = "pydantic_core-2.11.0-pp37-pypy37_pp73-macosx_10_7_x86_64.whl", hash = "sha256:5107d064aa293e785c899818c27ab1f356e8ef456362c30b60714e6962fbdaa8"},
    {file = "pydantic_core-2.11.0-pp37-pypy37_pp73-manylinux_2_17_aarch64.manylinux2014_aarch64.whl", hash = "sha256:c8379f6e208a3184fe094ebc275758a72df7f0eca7c816aabb1278f1684b1679"},
    {file = "pydantic_core-2.11.0-pp37-pypy37_pp73-manylinux_2_17_x86_64.manylinux2014_x86_64.whl", hash = "sha256:c985959b7073d1ebf2eef3bfd82d29874e52425e2489876a3e87ec818c56dbfd"},
    {file = "pydantic_core-2.11.0-pp37-pypy37_pp73-manylinux_2_5_i686.manylinux1_i686.whl", hash = "sha256:456c8499750f7e2e370d6555da7df0a56bee1440ce0c8d557135af75aa25f873"},
    {file = "pydantic_core-2.11.0-pp37-pypy37_pp73-musllinux_1_1_aarch64.whl", hash = "sha256:bc9268ead5112802f3645d29ada6d70201034987a62e601e54d7e758112120b5"},
    {file = "pydantic_core-2.11.0-pp37-pypy37_pp73-musllinux_1_1_x86_64.whl", hash = "sha256:1d8585bbfc9343b99aa926162830c7b6ec654916aa566c3af2c3de00b9536bb2"},
    {file = "pydantic_core-2.11.0-pp37-pypy37_pp73-win_amd64.whl", hash = "sha256:0f364d514573be1f5e65fde1828f124b03295b43f242b20ad408ad6e99f23d98"},
    {file = "pydantic_core-2.11.0-pp38-pypy38_pp73-macosx_10_7_x86_64.whl", hash = "sha256:23309b344c272bb6c69db74f7780e71cbe2c36c61e45e20eddc7f7b73b500536"},
    {file = "pydantic_core-2.11.0-pp38-pypy38_pp73-macosx_11_0_arm64.whl", hash = "sha256:a18e6c17bc003b7d40c522f1025d60e2eda25737a58be99db27110b4ff33043d"},
    {file = "pydantic_core-2.11.0-pp38-pypy38_pp73-manylinux_2_17_aarch64.manylinux2014_aarch64.whl", hash = "sha256:f97f5398594530506cefffacbe3ce162b6e56407ff3e2d39d5dd2660b291269b"},
    {file = "pydantic_core-2.11.0-pp38-pypy38_pp73-manylinux_2_17_x86_64.manylinux2014_x86_64.whl", hash = "sha256:1128e9e28b4b3585daeae6cdc4a0538f3d6964e0525784b55a96e2aa8b835869"},
    {file = "pydantic_core-2.11.0-pp38-pypy38_pp73-manylinux_2_5_i686.manylinux1_i686.whl", hash = "sha256:70e697ce8c47dda4bb99c819419594a6f4fd117cf6a58b47d6a228afee852ce2"},
    {file = "pydantic_core-2.11.0-pp38-pypy38_pp73-musllinux_1_1_aarch64.whl", hash = "sha256:0eac8e413d79c8c5b5eb9dbb19963b6528c0f541119c40ee71e6255e6522a119"},
    {file = "pydantic_core-2.11.0-pp38-pypy38_pp73-musllinux_1_1_x86_64.whl", hash = "sha256:763b4a35fd462aa4f29119bbd59d663d24d7478a01c44d63009e92c5d5f7968e"},
    {file = "pydantic_core-2.11.0-pp38-pypy38_pp73-win_amd64.whl", hash = "sha256:5d2b0630f95f9a5c04a0b459f6ed0ac3bdd4c33cc17884977630ac6f98cd7593"},
    {file = "pydantic_core-2.11.0-pp39-pypy39_pp73-macosx_10_7_x86_64.whl", hash = "sha256:b9199f54f8e9f0c924206968a89517971503c41fcf23dad9d1841d0c69cc3ed6"},
    {file = "pydantic_core-2.11.0-pp39-pypy39_pp73-macosx_11_0_arm64.whl", hash = "sha256:6eebf8253a4d4e5cd0a9921ad61129fba7047168c65b9b231951f04c20b2a1dc"},
    {file = "pydantic_core-2.11.0-pp39-pypy39_pp73-manylinux_2_17_aarch64.manylinux2014_aarch64.whl", hash = "sha256:98107f2dd096bea4b164f72da38303f5ae317f80d672f901a1df7b5b6a216682"},
    {file = "pydantic_core-2.11.0-pp39-pypy39_pp73-manylinux_2_17_x86_64.manylinux2014_x86_64.whl", hash = "sha256:e500205a0e83f211d1d726a5464bc47856ad46aa45d6ae90689e4fe39b016d8e"},
    {file = "pydantic_core-2.11.0-pp39-pypy39_pp73-manylinux_2_5_i686.manylinux1_i686.whl", hash = "sha256:7e93585c482f2da52153a6110d0ca530d060e8fa8a9b8147ac97e65bad8ff2df"},
    {file = "pydantic_core-2.11.0-pp39-pypy39_pp73-musllinux_1_1_aarch64.whl", hash = "sha256:583e5aa258edb9e78e355c5875114f6efd8f9ff8bd89151cabd013f56e23dd0c"},
    {file = "pydantic_core-2.11.0-pp39-pypy39_pp73-musllinux_1_1_x86_64.whl", hash = "sha256:981d42939e93dfc3fbc9162ebc7b1a377563d9197b43f9dda5d141c5618a91ac"},
    {file = "pydantic_core-2.11.0-pp39-pypy39_pp73-win_amd64.whl", hash = "sha256:e40d828c430b09b57fc67a06125f6efba76e86a21739908cd889ba7f5000ddf4"},
    {file = "pydantic_core-2.11.0.tar.gz", hash = "sha256:55c6d7fdc94a98e0551870774e27be1ec5cd847230015463853d27a73b05ba13"},
]

[package.dependencies]
typing-extensions = ">=4.6.0,<4.7.0 || >4.7.0"

[[package]]
name = "typing-extensions"
version = "4.8.0"
description = "Backported and Experimental Type Hints for Python 3.8+"
optional = false
python-versions = ">=3.8"
files = [
    {file = "typing_extensions-4.8.0-py3-none-any.whl", hash = "sha256:8f92fc8806f9a6b641eaa5318da32b44d401efaac0f6678c9bc448ba3605faa0"},
    {file = "typing_extensions-4.8.0.tar.gz", hash = "sha256:df8e4339e9cb77357558cbdbceca33c303714cf861d1eef15e1070055ae8b7ef"},
]

[metadata]
lock-version = "2.0"
python-versions = "^3.9"
content-hash = "e1454de6fb564e69f05c816a6c7a8dd1ba9c0e8246c0b3ee3aab656d9733854e"
